
Microsoft Visual Studio Solution File, Format Version 12.00
# Visual Studio 15
VisualStudioVersion = 15.0.28307.329
MinimumVisualStudioVersion = 10.0.40219.1
Project("{2150E333-8FDC-42A3-9474-1A3956D46DE8}") = "Docs", "Docs", "{512BEC35-C386-4001-9F7A-D9C10C911B94}"
EndProject
Project("{2150E333-8FDC-42A3-9474-1A3956D46DE8}") = "Src", "Src", "{609CE1BB-50C2-4FAD-9559-E9968F30CF0D}"
EndProject
Project("{2150E333-8FDC-42A3-9474-1A3956D46DE8}") = "Core", "Core", "{9BEA52F1-A01F-444F-8DDB-142F91F75F3A}"
EndProject
Project("{2150E333-8FDC-42A3-9474-1A3956D46DE8}") = "Common", "Common", "{08F237CD-58EF-40FA-A054-C656E0685862}"
EndProject
Project("{2150E333-8FDC-42A3-9474-1A3956D46DE8}") = "Presentation", "Presentation", "{3CA261AD-D1D2-404C-9CF8-69E8E103A8B5}"
EndProject
Project("{2150E333-8FDC-42A3-9474-1A3956D46DE8}") = "Infrastructure", "Infrastructure", "{60578459-0584-482A-8F0D-8B58A1780ED2}"
EndProject
Project("{9A19103F-16F7-4668-BE54-9A1E7A4F7556}") = "Whoever.Common", "Whoever\Whoever.Common\Whoever.Common.csproj", "{5D047BF9-2B32-438C-88DB-C03EFBA57052}"
EndProject
Project("{9A19103F-16F7-4668-BE54-9A1E7A4F7556}") = "Whoever.Entities", "Whoever\Whoever.Entities\Whoever.Entities.csproj", "{3AEE972F-3BF9-43F6-818A-AAF9CCE48935}"
EndProject
Project("{9A19103F-16F7-4668-BE54-9A1E7A4F7556}") = "Whoever.Mailing", "Whoever\Whoever.Mailing\Whoever.Mailing.csproj", "{A2824B02-16BD-4962-A0D6-7D74572E7C60}"
EndProject
Project("{9A19103F-16F7-4668-BE54-9A1E7A4F7556}") = "Whoever.Mailing.Mandrill", "Whoever\Whoever.Mailing.Mandrill\Whoever.Mailing.Mandrill.csproj", "{5E67522A-0DC2-4C11-B604-24A8286BBDEA}"
EndProject
Project("{9A19103F-16F7-4668-BE54-9A1E7A4F7556}") = "Whoever.Data", "Whoever\Whoever.Data\Whoever.Data.csproj", "{D787DA22-CCEF-4386-B594-B0BF02AF1454}"
EndProject
Project("{9A19103F-16F7-4668-BE54-9A1E7A4F7556}") = "Whoever.Web", "Whoever\Whoever.Web\Whoever.Web.csproj", "{DD1EAD7B-7C41-4049-9881-10FB81186879}"
EndProject
Project("{9A19103F-16F7-4668-BE54-9A1E7A4F7556}") = "BaseProject.Domain", "BaseProject.Domain\BaseProject.Domain.csproj", "{9452830F-0F24-452A-9EE8-872BE52856E9}"
EndProject
Project("{9A19103F-16F7-4668-BE54-9A1E7A4F7556}") = "BaseProject.Application", "BaseProject.Application\BaseProject.Application.csproj", "{E11C0842-582F-4A0D-BD3C-5E96C9B3A67C}"
EndProject
Project("{9A19103F-16F7-4668-BE54-9A1E7A4F7556}") = "BaseProject.Common", "BaseProject.Common\BaseProject.Common.csproj", "{DFE7F433-9BB9-41A0-9FE4-E8DE35FACEDD}"
EndProject
Project("{9A19103F-16F7-4668-BE54-9A1E7A4F7556}") = "BaseProject.Infrastructure", "BaseProject.Infrastructure\BaseProject.Infrastructure.csproj", "{F429A435-9FC7-4D4F-AEB6-FD3BE3A6FE3A}"
EndProject
Project("{9A19103F-16F7-4668-BE54-9A1E7A4F7556}") = "BaseProject.Persistence", "BaseProject.Persistence\BaseProject.Persistence.csproj", "{763F0E84-49E7-41A5-966D-61079A3AC41D}"
EndProject
Project("{9A19103F-16F7-4668-BE54-9A1E7A4F7556}") = "Whoever.Data.EntityFramework", "Whoever\Whoever.Data.EntityFramework\Whoever.Data.EntityFramework.csproj", "{39C21F3E-ACA2-409D-B5E1-EEF8C95790FE}"
EndProject
Project("{9A19103F-16F7-4668-BE54-9A1E7A4F7556}") = "BaseProject.WebApi", "BaseProject.WebApi\BaseProject.WebApi.csproj", "{4C4B7D72-6767-45FF-A779-6412FB5FE872}"
EndProject
Project("{2150E333-8FDC-42A3-9474-1A3956D46DE8}") = "Solution Items", "Solution Items", "{FB8D8AF8-28E5-4D06-AE8A-6DCD57124FB8}"
	ProjectSection(SolutionItems) = preProject
		.editorconfig = .editorconfig
		..\.gitignore = ..\.gitignore
	EndProjectSection
EndProject
Global
	GlobalSection(SolutionConfigurationPlatforms) = preSolution
		Debug|Any CPU = Debug|Any CPU
		Release|Any CPU = Release|Any CPU
	EndGlobalSection
	GlobalSection(ProjectConfigurationPlatforms) = postSolution
		{5D047BF9-2B32-438C-88DB-C03EFBA57052}.Debug|Any CPU.ActiveCfg = Debug|Any CPU
		{5D047BF9-2B32-438C-88DB-C03EFBA57052}.Debug|Any CPU.Build.0 = Debug|Any CPU
		{5D047BF9-2B32-438C-88DB-C03EFBA57052}.Release|Any CPU.ActiveCfg = Release|Any CPU
		{5D047BF9-2B32-438C-88DB-C03EFBA57052}.Release|Any CPU.Build.0 = Release|Any CPU
		{3AEE972F-3BF9-43F6-818A-AAF9CCE48935}.Debug|Any CPU.ActiveCfg = Debug|Any CPU
		{3AEE972F-3BF9-43F6-818A-AAF9CCE48935}.Debug|Any CPU.Build.0 = Debug|Any CPU
		{3AEE972F-3BF9-43F6-818A-AAF9CCE48935}.Release|Any CPU.ActiveCfg = Release|Any CPU
		{3AEE972F-3BF9-43F6-818A-AAF9CCE48935}.Release|Any CPU.Build.0 = Release|Any CPU
		{A2824B02-16BD-4962-A0D6-7D74572E7C60}.Debug|Any CPU.ActiveCfg = Debug|Any CPU
		{A2824B02-16BD-4962-A0D6-7D74572E7C60}.Debug|Any CPU.Build.0 = Debug|Any CPU
		{A2824B02-16BD-4962-A0D6-7D74572E7C60}.Release|Any CPU.ActiveCfg = Release|Any CPU
		{A2824B02-16BD-4962-A0D6-7D74572E7C60}.Release|Any CPU.Build.0 = Release|Any CPU
		{5E67522A-0DC2-4C11-B604-24A8286BBDEA}.Debug|Any CPU.ActiveCfg = Debug|Any CPU
		{5E67522A-0DC2-4C11-B604-24A8286BBDEA}.Debug|Any CPU.Build.0 = Debug|Any CPU
		{5E67522A-0DC2-4C11-B604-24A8286BBDEA}.Release|Any CPU.ActiveCfg = Release|Any CPU
		{5E67522A-0DC2-4C11-B604-24A8286BBDEA}.Release|Any CPU.Build.0 = Release|Any CPU
		{D787DA22-CCEF-4386-B594-B0BF02AF1454}.Debug|Any CPU.ActiveCfg = Debug|Any CPU
		{D787DA22-CCEF-4386-B594-B0BF02AF1454}.Debug|Any CPU.Build.0 = Debug|Any CPU
		{D787DA22-CCEF-4386-B594-B0BF02AF1454}.Release|Any CPU.ActiveCfg = Release|Any CPU
		{D787DA22-CCEF-4386-B594-B0BF02AF1454}.Release|Any CPU.Build.0 = Release|Any CPU
		{DD1EAD7B-7C41-4049-9881-10FB81186879}.Debug|Any CPU.ActiveCfg = Debug|Any CPU
		{DD1EAD7B-7C41-4049-9881-10FB81186879}.Debug|Any CPU.Build.0 = Debug|Any CPU
		{DD1EAD7B-7C41-4049-9881-10FB81186879}.Release|Any CPU.ActiveCfg = Release|Any CPU
		{DD1EAD7B-7C41-4049-9881-10FB81186879}.Release|Any CPU.Build.0 = Release|Any CPU
		{9452830F-0F24-452A-9EE8-872BE52856E9}.Debug|Any CPU.ActiveCfg = Debug|Any CPU
		{9452830F-0F24-452A-9EE8-872BE52856E9}.Debug|Any CPU.Build.0 = Debug|Any CPU
		{9452830F-0F24-452A-9EE8-872BE52856E9}.Release|Any CPU.ActiveCfg = Release|Any CPU
		{9452830F-0F24-452A-9EE8-872BE52856E9}.Release|Any CPU.Build.0 = Release|Any CPU
		{E11C0842-582F-4A0D-BD3C-5E96C9B3A67C}.Debug|Any CPU.ActiveCfg = Debug|Any CPU
		{E11C0842-582F-4A0D-BD3C-5E96C9B3A67C}.Debug|Any CPU.Build.0 = Debug|Any CPU
		{E11C0842-582F-4A0D-BD3C-5E96C9B3A67C}.Release|Any CPU.ActiveCfg = Release|Any CPU
		{E11C0842-582F-4A0D-BD3C-5E96C9B3A67C}.Release|Any CPU.Build.0 = Release|Any CPU
		{DFE7F433-9BB9-41A0-9FE4-E8DE35FACEDD}.Debug|Any CPU.ActiveCfg = Debug|Any CPU
		{DFE7F433-9BB9-41A0-9FE4-E8DE35FACEDD}.Debug|Any CPU.Build.0 = Debug|Any CPU
		{DFE7F433-9BB9-41A0-9FE4-E8DE35FACEDD}.Release|Any CPU.ActiveCfg = Release|Any CPU
		{DFE7F433-9BB9-41A0-9FE4-E8DE35FACEDD}.Release|Any CPU.Build.0 = Release|Any CPU
		{F429A435-9FC7-4D4F-AEB6-FD3BE3A6FE3A}.Debug|Any CPU.ActiveCfg = Debug|Any CPU
		{F429A435-9FC7-4D4F-AEB6-FD3BE3A6FE3A}.Debug|Any CPU.Build.0 = Debug|Any CPU
		{F429A435-9FC7-4D4F-AEB6-FD3BE3A6FE3A}.Release|Any CPU.ActiveCfg = Release|Any CPU
		{F429A435-9FC7-4D4F-AEB6-FD3BE3A6FE3A}.Release|Any CPU.Build.0 = Release|Any CPU
		{763F0E84-49E7-41A5-966D-61079A3AC41D}.Debug|Any CPU.ActiveCfg = Debug|Any CPU
		{763F0E84-49E7-41A5-966D-61079A3AC41D}.Debug|Any CPU.Build.0 = Debug|Any CPU
		{763F0E84-49E7-41A5-966D-61079A3AC41D}.Release|Any CPU.ActiveCfg = Release|Any CPU
		{763F0E84-49E7-41A5-966D-61079A3AC41D}.Release|Any CPU.Build.0 = Release|Any CPU
		{39C21F3E-ACA2-409D-B5E1-EEF8C95790FE}.Debug|Any CPU.ActiveCfg = Debug|Any CPU
		{39C21F3E-ACA2-409D-B5E1-EEF8C95790FE}.Debug|Any CPU.Build.0 = Debug|Any CPU
		{39C21F3E-ACA2-409D-B5E1-EEF8C95790FE}.Release|Any CPU.ActiveCfg = Release|Any CPU
		{39C21F3E-ACA2-409D-B5E1-EEF8C95790FE}.Release|Any CPU.Build.0 = Release|Any CPU
		{4C4B7D72-6767-45FF-A779-6412FB5FE872}.Debug|Any CPU.ActiveCfg = Debug|Any CPU
		{4C4B7D72-6767-45FF-A779-6412FB5FE872}.Debug|Any CPU.Build.0 = Debug|Any CPU
		{4C4B7D72-6767-45FF-A779-6412FB5FE872}.Release|Any CPU.ActiveCfg = Release|Any CPU
		{4C4B7D72-6767-45FF-A779-6412FB5FE872}.Release|Any CPU.Build.0 = Release|Any CPU
	EndGlobalSection
	GlobalSection(SolutionProperties) = preSolution
		HideSolutionNode = FALSE
	EndGlobalSection
	GlobalSection(NestedProjects) = preSolution
		{9BEA52F1-A01F-444F-8DDB-142F91F75F3A} = {609CE1BB-50C2-4FAD-9559-E9968F30CF0D}
		{08F237CD-58EF-40FA-A054-C656E0685862} = {609CE1BB-50C2-4FAD-9559-E9968F30CF0D}
		{3CA261AD-D1D2-404C-9CF8-69E8E103A8B5} = {609CE1BB-50C2-4FAD-9559-E9968F30CF0D}
		{60578459-0584-482A-8F0D-8B58A1780ED2} = {609CE1BB-50C2-4FAD-9559-E9968F30CF0D}
		{5D047BF9-2B32-438C-88DB-C03EFBA57052} = {08F237CD-58EF-40FA-A054-C656E0685862}
		{3AEE972F-3BF9-43F6-818A-AAF9CCE48935} = {08F237CD-58EF-40FA-A054-C656E0685862}
		{A2824B02-16BD-4962-A0D6-7D74572E7C60} = {08F237CD-58EF-40FA-A054-C656E0685862}
		{5E67522A-0DC2-4C11-B604-24A8286BBDEA} = {08F237CD-58EF-40FA-A054-C656E0685862}
		{D787DA22-CCEF-4386-B594-B0BF02AF1454} = {08F237CD-58EF-40FA-A054-C656E0685862}
		{DD1EAD7B-7C41-4049-9881-10FB81186879} = {08F237CD-58EF-40FA-A054-C656E0685862}
		{9452830F-0F24-452A-9EE8-872BE52856E9} = {9BEA52F1-A01F-444F-8DDB-142F91F75F3A}
		{E11C0842-582F-4A0D-BD3C-5E96C9B3A67C} = {9BEA52F1-A01F-444F-8DDB-142F91F75F3A}
		{DFE7F433-9BB9-41A0-9FE4-E8DE35FACEDD} = {9BEA52F1-A01F-444F-8DDB-142F91F75F3A}
		{F429A435-9FC7-4D4F-AEB6-FD3BE3A6FE3A} = {60578459-0584-482A-8F0D-8B58A1780ED2}
		{763F0E84-49E7-41A5-966D-61079A3AC41D} = {60578459-0584-482A-8F0D-8B58A1780ED2}
		{39C21F3E-ACA2-409D-B5E1-EEF8C95790FE} = {08F237CD-58EF-40FA-A054-C656E0685862}
		{4C4B7D72-6767-45FF-A779-6412FB5FE872} = {3CA261AD-D1D2-404C-9CF8-69E8E103A8B5}
	EndGlobalSection
	GlobalSection(ExtensibilityGlobals) = postSolution
		SolutionGuid = {A4C0BB10-B360-47FE-813F-D35F10E67062}
	EndGlobalSection
EndGlobal
